
Microsoft Visual Studio Solution File, Format Version 12.00
# Visual Studio Version 16
VisualStudioVersion = 16.0.30114.105
MinimumVisualStudioVersion = 10.0.40219.1
Project("{FAE04EC0-301F-11D3-BF4B-00C04F79EFBC}") = "UserInterface", "UserInterface\UserInterface.csproj", "{C34681B8-C31B-408F-885B-9743B9D9E23F}"
EndProject
Project("{FAE04EC0-301F-11D3-BF4B-00C04F79EFBC}") = "Models", "Models\Models.csproj", "{AEBCB81A-E215-4F1A-B4C9-E8F655EA3A86}"
EndProject
Project("{FAE04EC0-301F-11D3-BF4B-00C04F79EFBC}") = "BusinessLogic", "BusinessLogic\BusinessLogic.csproj", "{4D7073C0-827C-4826-A991-19D807FE5835}"
EndProject
Project("{FAE04EC0-301F-11D3-BF4B-00C04F79EFBC}") = "DataAccessLogic", "DataAccessLogic\DataAccessLogic.csproj", "{84D5FD63-5D7C-43E1-AC29-9ECEEE40CD61}"
EndProject
Global
	GlobalSection(SolutionConfigurationPlatforms) = preSolution
		Debug|Any CPU = Debug|Any CPU
		Debug|x64 = Debug|x64
		Debug|x86 = Debug|x86
		Release|Any CPU = Release|Any CPU
		Release|x64 = Release|x64
		Release|x86 = Release|x86
	EndGlobalSection
	GlobalSection(SolutionProperties) = preSolution
		HideSolutionNode = FALSE
	EndGlobalSection
	GlobalSection(ProjectConfigurationPlatforms) = postSolution
		{C34681B8-C31B-408F-885B-9743B9D9E23F}.Debug|Any CPU.ActiveCfg = Debug|Any CPU
		{C34681B8-C31B-408F-885B-9743B9D9E23F}.Debug|Any CPU.Build.0 = Debug|Any CPU
		{C34681B8-C31B-408F-885B-9743B9D9E23F}.Debug|x64.ActiveCfg = Debug|Any CPU
		{C34681B8-C31B-408F-885B-9743B9D9E23F}.Debug|x64.Build.0 = Debug|Any CPU
		{C34681B8-C31B-408F-885B-9743B9D9E23F}.Debug|x86.ActiveCfg = Debug|Any CPU
		{C34681B8-C31B-408F-885B-9743B9D9E23F}.Debug|x86.Build.0 = Debug|Any CPU
		{C34681B8-C31B-408F-885B-9743B9D9E23F}.Release|Any CPU.ActiveCfg = Release|Any CPU
		{C34681B8-C31B-408F-885B-9743B9D9E23F}.Release|Any CPU.Build.0 = Release|Any CPU
		{C34681B8-C31B-408F-885B-9743B9D9E23F}.Release|x64.ActiveCfg = Release|Any CPU
		{C34681B8-C31B-408F-885B-9743B9D9E23F}.Release|x64.Build.0 = Release|Any CPU
		{C34681B8-C31B-408F-885B-9743B9D9E23F}.Release|x86.ActiveCfg = Release|Any CPU
		{C34681B8-C31B-408F-885B-9743B9D9E23F}.Release|x86.Build.0 = Release|Any CPU
		{AEBCB81A-E215-4F1A-B4C9-E8F655EA3A86}.Debug|Any CPU.ActiveCfg = Debug|Any CPU
		{AEBCB81A-E215-4F1A-B4C9-E8F655EA3A86}.Debug|Any CPU.Build.0 = Debug|Any CPU
		{AEBCB81A-E215-4F1A-B4C9-E8F655EA3A86}.Debug|x64.ActiveCfg = Debug|Any CPU
		{AEBCB81A-E215-4F1A-B4C9-E8F655EA3A86}.Debug|x64.Build.0 = Debug|Any CPU
		{AEBCB81A-E215-4F1A-B4C9-E8F655EA3A86}.Debug|x86.ActiveCfg = Debug|Any CPU
		{AEBCB81A-E215-4F1A-B4C9-E8F655EA3A86}.Debug|x86.Build.0 = Debug|Any CPU
		{AEBCB81A-E215-4F1A-B4C9-E8F655EA3A86}.Release|Any CPU.ActiveCfg = Release|Any CPU
		{AEBCB81A-E215-4F1A-B4C9-E8F655EA3A86}.Release|Any CPU.Build.0 = Release|Any CPU
		{AEBCB81A-E215-4F1A-B4C9-E8F655EA3A86}.Release|x64.ActiveCfg = Release|Any CPU
		{AEBCB81A-E215-4F1A-B4C9-E8F655EA3A86}.Release|x64.Build.0 = Release|Any CPU
		{AEBCB81A-E215-4F1A-B4C9-E8F655EA3A86}.Release|x86.ActiveCfg = Release|Any CPU
		{AEBCB81A-E215-4F1A-B4C9-E8F655EA3A86}.Release|x86.Build.0 = Release|Any CPU
		{4D7073C0-827C-4826-A991-19D807FE5835}.Debug|Any CPU.ActiveCfg = Debug|Any CPU
		{4D7073C0-827C-4826-A991-19D807FE5835}.Debug|Any CPU.Build.0 = Debug|Any CPU
		{4D7073C0-827C-4826-A991-19D807FE5835}.Debug|x64.ActiveCfg = Debug|Any CPU
		{4D7073C0-827C-4826-A991-19D807FE5835}.Debug|x64.Build.0 = Debug|Any CPU
		{4D7073C0-827C-4826-A991-19D807FE5835}.Debug|x86.ActiveCfg = Debug|Any CPU
		{4D7073C0-827C-4826-A991-19D807FE5835}.Debug|x86.Build.0 = Debug|Any CPU
		{4D7073C0-827C-4826-A991-19D807FE5835}.Release|Any CPU.ActiveCfg = Release|Any CPU
		{4D7073C0-827C-4826-A991-19D807FE5835}.Release|Any CPU.Build.0 = Release|Any CPU
		{4D7073C0-827C-4826-A991-19D807FE5835}.Release|x64.ActiveCfg = Release|Any CPU
		{4D7073C0-827C-4826-A991-19D807FE5835}.Release|x64.Build.0 = Release|Any CPU
		{4D7073C0-827C-4826-A991-19D807FE5835}.Release|x86.ActiveCfg = Release|Any CPU
		{4D7073C0-827C-4826-A991-19D807FE5835}.Release|x86.Build.0 = Release|Any CPU
		{84D5FD63-5D7C-43E1-AC29-9ECEEE40CD61}.Debug|Any CPU.ActiveCfg = Debug|Any CPU
		{84D5FD63-5D7C-43E1-AC29-9ECEEE40CD61}.Debug|Any CPU.Build.0 = Debug|Any CPU
		{84D5FD63-5D7C-43E1-AC29-9ECEEE40CD61}.Debug|x64.ActiveCfg = Debug|Any CPU
		{84D5FD63-5D7C-43E1-AC29-9ECEEE40CD61}.Debug|x64.Build.0 = Debug|Any CPU
		{84D5FD63-5D7C-43E1-AC29-9ECEEE40CD61}.Debug|x86.ActiveCfg = Debug|Any CPU
		{84D5FD63-5D7C-43E1-AC29-9ECEEE40CD61}.Debug|x86.Build.0 = Debug|Any CPU
		{84D5FD63-5D7C-43E1-AC29-9ECEEE40CD61}.Release|Any CPU.ActiveCfg = Release|Any CPU
		{84D5FD63-5D7C-43E1-AC29-9ECEEE40CD61}.Release|Any CPU.Build.0 = Release|Any CPU
		{84D5FD63-5D7C-43E1-AC29-9ECEEE40CD61}.Release|x64.ActiveCfg = Release|Any CPU
		{84D5FD63-5D7C-43E1-AC29-9ECEEE40CD61}.Release|x64.Build.0 = Release|Any CPU
		{84D5FD63-5D7C-43E1-AC29-9ECEEE40CD61}.Release|x86.ActiveCfg = Release|Any CPU
		{84D5FD63-5D7C-43E1-AC29-9ECEEE40CD61}.Release|x86.Build.0 = Release|Any CPU
	EndGlobalSection
EndGlobal
